# This file is autogenerated, do not edit; changes may be undone by the next 'dep ensure'.


[[projects]]
  branch = "master"
  digest = "1:6716c9fe6333591128e72848f246fc01dc72240e1e64185d8b4e124e7280b35d"
  name = "github.com/AndreasBriese/bbloom"
  packages = ["."]
  pruneopts = "UT"
  revision = "e2d15f34fcf99d5dbb871c820ec73f710fca9815"

[[projects]]
  digest = "1:fc188b134920ce757c460fe1d09f13e9b380d2a5735bb43132e5b353dd0d80c4"
  name = "github.com/aws/aws-sdk-go"
  packages = [
    "aws",
    "aws/awserr",
    "aws/awsutil",
    "aws/client",
    "aws/client/metadata",
    "aws/corehandlers",
    "aws/credentials",
    "aws/credentials/ec2rolecreds",
    "aws/credentials/endpointcreds",
    "aws/credentials/processcreds",
    "aws/credentials/stscreds",
    "aws/crr",
    "aws/csm",
    "aws/defaults",
    "aws/ec2metadata",
    "aws/endpoints",
    "aws/request",
    "aws/session",
    "aws/signer/v4",
    "internal/ini",
    "internal/sdkio",
    "internal/sdkrand",
    "internal/sdkuri",
    "internal/shareddefaults",
    "private/protocol",
    "private/protocol/json/jsonutil",
    "private/protocol/jsonrpc",
    "private/protocol/query",
    "private/protocol/query/queryutil",
    "private/protocol/rest",
    "private/protocol/xml/xmlutil",
    "service/dynamodb",
    "service/dynamodb/dynamodbiface",
    "service/sts",
  ]
  pruneopts = "UT"
  revision = "ca6d5f771b63df153f02fe5b117434d5ebafeeda"
  version = "v1.19.15"

[[projects]]
  branch = "master"
  digest = "1:8c9061aa207080a48dd394ef1733c26eede147705ad3f2b8809daea11da8593a"
  name = "github.com/axiomhq/hyperloglog"
  packages = ["."]
  pruneopts = "UT"
  revision = "5382815c0119a119e9cd9cb6e27f75c6df1204a0"

[[projects]]
  digest = "1:ffe9824d294da03b391f44e1ae8281281b4afc1bdaa9588c9097785e3af10cec"
  name = "github.com/davecgh/go-spew"
  packages = ["spew"]
  pruneopts = "UT"
  revision = "8991bc29aa16c548c550c7ff78260e27b9ab7c73"
  version = "v1.1.1"

[[projects]]
  digest = "1:5f5090f05382959db941fa45acbeb7f4c5241aa8ac0f8f4393dec696e5953f53"
  name = "github.com/dgraph-io/badger"
  packages = [
    ".",
    "options",
    "protos",
    "skl",
    "table",
    "y",
  ]
  pruneopts = "UT"
  revision = "99233d725dbdd26d156c61b2f42ae1671b794656"
  version = "v1.5.4"

[[projects]]
  branch = "master"
  digest = "1:c734f42e5a75563e4482fb00c1e870fccf4d635cf192581d31a45f9068276b7c"
  name = "github.com/dgryski/go-farm"
  packages = ["."]
  pruneopts = "UT"
  revision = "e1214b5e05dc9a680734f587f0e1686b3889f983"

[[projects]]
  branch = "master"
  digest = "1:055e0539db2ff375e356db6961eae161858fc360bfa20c4f82ada1e271756176"
  name = "github.com/dgryski/go-metro"
  packages = ["."]
  pruneopts = "UT"
  revision = "280f6062b5bc97ee9b9afe7f2ccb361e59845baa"

[[projects]]
  digest = "1:412ee1aa1b44e91067b83bea8a74cdddf657e0dee7a93a62256c520c5b1008c0"
  name = "github.com/emitter-io/address"
  packages = ["."]
  pruneopts = "UT"
  revision = "f3be34cc2faa6a05690d5660fb1cb45832115465"
  version = "v1.0.0"

[[projects]]
  digest = "1:657a6b4d2e77d6144cc67a6bb8d414b17b2af9a22478c94efc6443954c6ba77f"
  name = "github.com/emitter-io/config"
  packages = [
    ".",
    "dynamo",
  ]
  pruneopts = "UT"
  revision = "ca1e0f81c1a2e477c3647413f77e8b7a7183f61e"
  version = "v1.0.0"

[[projects]]
  digest = "1:57fe88ff6e5053da624e0ccd997e3f325195398db035f32488d7b001ccd42ead"
  name = "github.com/emitter-io/stats"
  packages = ["."]
  pruneopts = "UT"
  revision = "14cefba52453ba56630eeb8b9d41ba763c69aa8b"
  version = "v1.0.1"

[[projects]]
  digest = "1:318f1c959a8a740366fce4b1e1eb2fd914036b4af58fbd0a003349b305f118ad"
  name = "github.com/golang/protobuf"
  packages = ["proto"]
  pruneopts = "UT"
  revision = "b5d812f8a3706043e23a9cd5babf2e5423744d30"
  version = "v1.3.1"

[[projects]]
  digest = "1:e4f5819333ac698d294fe04dbf640f84719658d5c7ce195b10060cc37292ce79"
  name = "github.com/golang/snappy"
  packages = ["."]
  pruneopts = "UT"
  revision = "2a8bb927dd31d8daada140a5d09578521ce5c36a"
  version = "v0.0.1"

[[projects]]
  digest = "1:7b5c6e2eeaa9ae5907c391a91c132abfd5c9e8a784a341b5625e750c67e6825d"
  name = "github.com/gorilla/websocket"
  packages = ["."]
  pruneopts = "UT"
  revision = "66b9c49e59c6c48f0ffce28c2d8b8a5678502c6d"
  version = "v1.4.0"

[[projects]]
  digest = "1:bb81097a5b62634f3e9fec1014657855610c82d19b9a40c17612e32651e35dca"
  name = "github.com/jmespath/go-jmespath"
  packages = ["."]
  pruneopts = "UT"
  revision = "c2b33e84"

[[projects]]
  digest = "1:e5048eb9d05643b2aff2ceea65264dee8971dc7f2e6e3e0160cfb0f68a38eb67"
  name = "github.com/kelindar/binary"
  packages = [
    ".",
    "sorted",
  ]
  pruneopts = "UT"
  revision = "5b5efcb095fa2fa673793e2e00d606eee881f65e"
  version = "v1.0.4"

[[projects]]
  branch = "master"
  digest = "1:b3342e23cc5c264f9cd5379de9a56e655f148ef1046207f3df124f7708bd4a97"
  name = "github.com/kelindar/process"
  packages = ["."]
  pruneopts = "UT"
  revision = "69a29e249ec39e635cd4e42f96c227b6ef2f28d7"

[[projects]]
  digest = "1:aee450da40e12a2c4d6adf8ccb8bf832b02c171f6ad6c783e429225143b524ea"
  name = "github.com/kelindar/tcp"
  packages = ["."]
  pruneopts = "UT"
  revision = "951ea01d26dd62609c78e16166f0fbbc0babd753"
  version = "v1.0.0"

[[projects]]
  digest = "1:aaa8e0e7e35d92e21daed3f241832cee73d15ca1cd3302ba3843159a959a7eac"
  name = "github.com/klauspost/compress"
  packages = [
    "flate",
    "gzip",
    "zlib",
  ]
  pruneopts = "UT"
  revision = "b4b6d9e7f099f14b3a4a08f0664986cd4c85ebd6"
  version = "v1.5.0"

[[projects]]
  digest = "1:923c4d7194b42e054b2eb8a6c62824ac55e23ececc1c7e48d4da69c971c55954"
  name = "github.com/klauspost/cpuid"
  packages = ["."]
  pruneopts = "UT"
  revision = "05a8198c0f5a27739aec358908d7e12c64ce6eb7"
  version = "v1.2.1"

[[projects]]
  digest = "1:140b4d26596498c41f648547e23b198263a4d8c9a6faab4f113fab54280936ab"
  name = "github.com/mheers/emitter"
  packages = [
    "async",
    "broker",
    "broker/cluster",
    "collection",
    "config",
    "message",
    "network/http",
    "network/listener",
    "network/mock",
    "network/mqtt",
    "network/websocket",
    "provider/contract",
    "provider/contract/mock",
    "provider/logging",
    "provider/monitor",
    "provider/storage",
    "provider/usage",
    "security",
    "security/hash",
  ]
  pruneopts = "UT"
  revision = "6e906fa489051991df65117f11c929ed5a364fc8"

[[projects]]
  branch = "master"
  digest = "1:ae08d850ba158ea3ba4a7bb90f8372608172d8920644e5a6693b940a1f4e5d01"
  name = "github.com/mmcloughlin/avo"
  packages = [
    "attr",
    "build",
    "buildtags",
    "gotypes",
    "internal/prnt",
    "internal/stack",
    "ir",
    "operand",
    "pass",
    "printer",
    "reg",
    "src",
    "x86",
  ]
  pruneopts = "UT"
  revision = "2e7d06bc7ada2979f17ccf8ebf486dba23b84fc7"

[[projects]]
  digest = "1:cf31692c14422fa27c83a05292eb5cbe0fb2775972e8f1f8446a71549bd8980b"
  name = "github.com/pkg/errors"
  packages = ["."]
  pruneopts = "UT"
  revision = "ba968bfe8b2f7e042a574c888954fccecfa385b4"
  version = "v0.8.1"

[[projects]]
  digest = "1:0028cb19b2e4c3112225cd871870f2d9cf49b9b4276531f03438a88e94be86fe"
  name = "github.com/pmezard/go-difflib"
  packages = ["difflib"]
  pruneopts = "UT"
  revision = "792786c7400a136282c1664665ae0a8db921c6c2"
  version = "v1.0.0"

[[projects]]
  digest = "1:ac83cf90d08b63ad5f7e020ef480d319ae890c208f8524622a2f3136e2686b02"
  name = "github.com/stretchr/objx"
  packages = ["."]
  pruneopts = "UT"
  revision = "477a77ecc69700c7cdeb1fa9e129548e1c1c393c"
  version = "v0.1.1"

[[projects]]
  digest = "1:0bcc464dabcfad5393daf87c3f8142911d0f6c52569b837e91a1c15e890265f3"
  name = "github.com/stretchr/testify"
  packages = [
    "assert",
    "mock",
  ]
  pruneopts = "UT"
  revision = "ffdc059bfe9ce6a4e144ba849dbedead332c6053"
  version = "v1.3.0"

[[projects]]
  branch = "master"
  digest = "1:3297205be37afe3f25875b99ad48babe2aebb6e0cf61631d6d9851ecb266370e"
  name = "github.com/tidwall/btree"
  packages = ["."]
  pruneopts = "UT"
  revision = "9876f1454cf0993a53d74c27196993e345f50dd1"

[[projects]]
  digest = "1:eb52960efb7c105ef572f84183de3e337ebbbb529a8efbe6bb4753a22aba4cc6"
  name = "github.com/tidwall/buntdb"
  packages = ["."]
  pruneopts = "UT"
  revision = "6249481c29c2cd96f53b691b74ac1893f72774c2"
  version = "v1.1.0"

[[projects]]
  digest = "1:7df351557a6d5c30804e7d6f7ed87f2fccb0619c08fcc84869a93f22bec96c11"
  name = "github.com/tidwall/gjson"
  packages = ["."]
  pruneopts = "UT"
  revision = "eee0b6226f0d1db2675a176fdfaa8419bcad4ca8"
  version = "v1.2.1"

[[projects]]
  branch = "master"
  digest = "1:403222dac436240f4a747c4ced09c1d5884082d920f151ea6c19abf7a75d4e7c"
  name = "github.com/tidwall/grect"
  packages = ["."]
  pruneopts = "UT"
  revision = "ba9a043346eba55344e40d66a5e74cfda3a9d293"

[[projects]]
  digest = "1:8453ddbed197809ee8ca28b06bd04e127bec9912deb4ba451fea7a1eca578328"
  name = "github.com/tidwall/match"
  packages = ["."]
  pruneopts = "UT"
  revision = "33827db735fff6510490d69a8622612558a557ed"
  version = "v1.0.1"

[[projects]]
  branch = "master"
  digest = "1:ddfe0a54e5f9b29536a6d7b2defa376f2cb2b6e4234d676d7ff214d5b097cb50"
  name = "github.com/tidwall/pretty"
  packages = ["."]
  pruneopts = "UT"
  revision = "1166b9ac2b65e46a43d8618d30d1554f4652d49b"

[[projects]]
  branch = "master"
  digest = "1:54fec16397c72e6ecb5e61309e369517d4ea7aaee4d97454c36075539039ad85"
  name = "github.com/tidwall/rtree"
  packages = [
    ".",
    "base",
  ]
  pruneopts = "UT"
  revision = "6cd427091e0e662cb4f8e2c9eb1a41e1c46ff0d3"

[[projects]]
  branch = "master"
  digest = "1:1b885e925ee7c05565b3178a4fa818bf33885878344d8629ac433a5db99d58e4"
  name = "github.com/tidwall/tinyqueue"
  packages = ["."]
  pruneopts = "UT"
  revision = "1e39f55115634cad2c504631c8bfcc292f2c9c55"

[[projects]]
  digest = "1:c468422f334a6b46a19448ad59aaffdfc0a36b08fdcc1c749a0b29b6453d7e59"
  name = "github.com/valyala/bytebufferpool"
  packages = ["."]
  pruneopts = "UT"
  revision = "e746df99fe4a3986f4d4f79e13c1e0117ce9c2f7"
  version = "v1.0.0"

[[projects]]
  digest = "1:15ad8a80098fcc7a194b9db6b26d74072a852e4faa957848c8118193d3c69230"
  name = "github.com/valyala/fasthttp"
  packages = [
    ".",
    "fasthttputil",
    "stackless",
  ]
  pruneopts = "UT"
  revision = "e5f51c11919d4f66400334047b897ef0a94c6f3c"
  version = "v20180529"

[[projects]]
  digest = "1:a53b4cc4a1691d7177534db3a172bdd5e5e126aabe2e2da627b6c3b0247cb368"
  name = "github.com/weaveworks/mesh"
  packages = ["."]
  pruneopts = "UT"
  revision = "512bdb7b3cb7b2c939fcd0ee434d48b6732ecc39"
  version = "v0.2"

[[projects]]
  branch = "master"
  digest = "1:ca2a61803cece90b1033a7c14c886272a71c5451fa6db899f81805334f06f87c"
  name = "golang.org/x/crypto"
  packages = [
    "acme",
    "acme/autocert",
    "curve25519",
    "internal/subtle",
    "nacl/box",
    "nacl/secretbox",
    "pbkdf2",
    "poly1305",
    "salsa20/salsa",
  ]
  pruneopts = "UT"
  revision = "d864b10871cd4370fe574816b489c819c675ccc7"

[[projects]]
  branch = "master"
  digest = "1:92b62914392b7e500b556142639b3e437da06602b48f29d344986aa67d1d3515"
  name = "golang.org/x/net"
  packages = [
    "idna",
    "internal/timeseries",
    "trace",
  ]
  pruneopts = "UT"
  revision = "afa5a82059c6356159f699d81beff22a81842231"

[[projects]]
  branch = "master"
  digest = "1:e6c02fc27ab754451291d6ab582aabaf46f5e977be1d7ad7e05c89639cf5cac7"
  name = "golang.org/x/sys"
  packages = [
    "cpu",
    "unix",
  ]
  pruneopts = "UT"
  revision = "953cdadca894cdc07be76fc99f95b40c28f06623"

[[projects]]
  digest = "1:a2ab62866c75542dd18d2b069fec854577a20211d7c0ea6ae746072a1dccdd18"
  name = "golang.org/x/text"
  packages = [
    "collate",
    "collate/build",
    "internal/colltab",
    "internal/gen",
    "internal/tag",
    "internal/triegen",
    "internal/ucd",
    "language",
    "secure/bidirule",
    "transform",
    "unicode/bidi",
    "unicode/cldr",
    "unicode/norm",
    "unicode/rangetable",
  ]
  pruneopts = "UT"
  revision = "f21a4dfb5e38f5895301dc265a8def02365cc3d0"
  version = "v0.3.0"

[[projects]]
  branch = "master"
  digest = "1:992c3ccfa6c6585057052df630e2bc027dc312bf127765adcc8d84de587728a2"
  name = "golang.org/x/tools"
  packages = [
    "go/ast/astutil",
    "go/gcexportdata",
    "go/internal/gcimporter",
    "go/internal/packagesdriver",
    "go/packages",
    "go/types/typeutil",
    "internal/fastwalk",
    "internal/gopathwalk",
    "internal/semver",
  ]
  pruneopts = "UT"
  revision = "fe54fb35175bb1c0c175e2335e23d7fa90ca987a"

[[projects]]
  digest = "1:38b469493eb173db9c03321d64adcad4c7991ea0a19b5edc5bdc094f0e8c7384"
  name = "gopkg.in/alexcesaro/statsd.v2"
  packages = ["."]
  pruneopts = "UT"
  revision = "7fea3f0d2fab1ad973e641e51dba45443a311a90"
  version = "v2.0.0"

[solve-meta]
  analyzer-name = "dep"
  analyzer-version = 1
  input-imports = [
    "github.com/axiomhq/hyperloglog",
    "github.com/dgraph-io/badger",
    "github.com/dgraph-io/badger/protos",
    "github.com/dgraph-io/badger/y",
    "github.com/emitter-io/address",
    "github.com/emitter-io/config",
    "github.com/emitter-io/config/dynamo",
    "github.com/emitter-io/stats",
    "github.com/golang/snappy",
    "github.com/gorilla/websocket",
    "github.com/kelindar/binary",
    "github.com/kelindar/tcp",
    "github.com/mheers/emitter/async",
    "github.com/mheers/emitter/broker",
    "github.com/mheers/emitter/broker/cluster",
    "github.com/mheers/emitter/collection",
    "github.com/mheers/emitter/config",
    "github.com/mheers/emitter/message",
    "github.com/mheers/emitter/network/http",
    "github.com/mheers/emitter/network/listener",
    "github.com/mheers/emitter/network/mock",
    "github.com/mheers/emitter/network/mqtt",
    "github.com/mheers/emitter/network/websocket",
    "github.com/mheers/emitter/provider/contract",
    "github.com/mheers/emitter/provider/contract/mock",
    "github.com/mheers/emitter/provider/logging",
    "github.com/mheers/emitter/provider/monitor",
    "github.com/mheers/emitter/provider/storage",
    "github.com/mheers/emitter/provider/usage",
    "github.com/mheers/emitter/security",
    "github.com/mheers/emitter/security/hash",
    "github.com/stretchr/testify/assert",
    "github.com/stretchr/testify/mock",
    "github.com/tidwall/buntdb",
    "github.com/valyala/fasthttp",
    "github.com/weaveworks/mesh",
    "golang.org/x/crypto/pbkdf2",
    "gopkg.in/alexcesaro/statsd.v2",
  ]
  solver-name = "gps-cdcl"
  solver-version = 1
